
Microsoft Visual Studio Solution File, Format Version 12.00
# Visual Studio Version 16
VisualStudioVersion = 16.0.31129.286
MinimumVisualStudioVersion = 10.0.40219.1
Project("{FAE04EC0-301F-11D3-BF4B-00C04F79EFBC}") = "Bonos", "Bonos\Bonos.csproj", "{4F2B913D-86DF-4CD4-8FD7-D4D8994EFF59}"
EndProject
Global
	GlobalSection(SolutionConfigurationPlatforms) = preSolution
		Debug|Any CPU = Debug|Any CPU
		Release|Any CPU = Release|Any CPU
	EndGlobalSection
	GlobalSection(ProjectConfigurationPlatforms) = postSolution
		{4F2B913D-86DF-4CD4-8FD7-D4D8994EFF59}.Debug|Any CPU.ActiveCfg = Debug|Any CPU
		{4F2B913D-86DF-4CD4-8FD7-D4D8994EFF59}.Debug|Any CPU.Build.0 = Debug|Any CPU
		{4F2B913D-86DF-4CD4-8FD7-D4D8994EFF59}.Release|Any CPU.ActiveCfg = Release|Any CPU
		{4F2B913D-86DF-4CD4-8FD7-D4D8994EFF59}.Release|Any CPU.Build.0 = Release|Any CPU
	EndGlobalSection
	GlobalSection(SolutionProperties) = preSolution
		HideSolutionNode = FALSE
	EndGlobalSection
	GlobalSection(ExtensibilityGlobals) = postSolution
		SolutionGuid = {840BAE39-BE0C-4641-9AE2-595C61043D90}
	EndGlobalSection
EndGlobal
